# This file is auto-generated by flock. Do not edit.

[[package]]
name = "plume"
version = "0.0.0"
source = "path"
path = "/Users/dino/Documents/Projects/kestrel/lang/plume"

[[package]]
name = "quill"
version = "0.0.0"
source = "path"
path = "/Users/dino/Documents/Projects/kestrel/lang/quill"

[[package]]
name = "quill-json"
version = "0.0.0"
source = "path"
path = "/Users/dino/Documents/Projects/kestrel/lang/quill-json"

[[package]]
name = "http"
version = "0.0.0"
source = "path"
path = "/Users/dino/Documents/Projects/kestrel/lang/http"

[[package]]
name = "perch"
version = "0.0.0"
source = "path"
path = "/Users/dino/Documents/Projects/kestrel/lang/perch"

[[package]]
name = "swoop"
version = "0.0.0"
source = "path"
path = "/Users/dino/Documents/Projects/kestrel/lang/swoop"
